
Microsoft Visual Studio Solution File, Format Version 12.00
# Visual Studio Version 16
VisualStudioVersion = 16.0.32126.315
MinimumVisualStudioVersion = 10.0.40219.1
Project("{FAE04EC0-301F-11D3-BF4B-00C04F79EFBC}") = "renga_surfaces_work_plugin", "renga_surfaces_work_plugin.csproj", "{92DBC227-D1A1-4CD2-AC77-3D66D7DAEA64}"
EndProject
Global
	GlobalSection(SolutionConfigurationPlatforms) = preSolution
		Debug|Any CPU = Debug|Any CPU
		Release|Any CPU = Release|Any CPU
	EndGlobalSection
	GlobalSection(ProjectConfigurationPlatforms) = postSolution
		{92DBC227-D1A1-4CD2-AC77-3D66D7DAEA64}.Debug|Any CPU.ActiveCfg = Debug|Any CPU
		{92DBC227-D1A1-4CD2-AC77-3D66D7DAEA64}.Debug|Any CPU.Build.0 = Debug|Any CPU
		{92DBC227-D1A1-4CD2-AC77-3D66D7DAEA64}.Release|Any CPU.ActiveCfg = Release|Any CPU
		{92DBC227-D1A1-4CD2-AC77-3D66D7DAEA64}.Release|Any CPU.Build.0 = Release|Any CPU
	EndGlobalSection
	GlobalSection(SolutionProperties) = preSolution
		HideSolutionNode = FALSE
	EndGlobalSection
	GlobalSection(ExtensibilityGlobals) = postSolution
		SolutionGuid = {481ED398-EE2B-43DA-B432-290BE9377C35}
	EndGlobalSection
EndGlobal
